
Microsoft Visual Studio Solution File, Format Version 12.00
# Visual Studio 2012
Project("{f2a71f9b-5d33-465a-a702-920d77279786}") = "LearningFsharp", "LearningFsharp.fsproj", "{EA968906-9EAC-4CF8-862F-03374ED97FA2}"
EndProject
Global
	GlobalSection(SolutionConfigurationPlatforms) = preSolution
		Debug|Any CPU = Debug|Any CPU
		Release|Any CPU = Release|Any CPU
	EndGlobalSection
	GlobalSection(ProjectConfigurationPlatforms) = postSolution
		{EA968906-9EAC-4CF8-862F-03374ED97FA2}.Debug|Any CPU.ActiveCfg = Debug|Any CPU
		{EA968906-9EAC-4CF8-862F-03374ED97FA2}.Debug|Any CPU.Build.0 = Debug|Any CPU
		{EA968906-9EAC-4CF8-862F-03374ED97FA2}.Release|Any CPU.ActiveCfg = Release|Any CPU
		{EA968906-9EAC-4CF8-862F-03374ED97FA2}.Release|Any CPU.Build.0 = Release|Any CPU
	EndGlobalSection
EndGlobal
